
Microsoft Visual Studio Solution File, Format Version 12.00
# Visual Studio Version 16
VisualStudioVersion = 16.0.31729.503
MinimumVisualStudioVersion = 10.0.40219.1
Project("{FAE04EC0-301F-11D3-BF4B-00C04F79EFBC}") = "TextConverter", "TextConverter\TextConverter.csproj", "{B262DFB5-DAD5-4A85-82E2-70A28F32A2BD}"
EndProject
Global
	GlobalSection(SolutionConfigurationPlatforms) = preSolution
		Debug|Any CPU = Debug|Any CPU
		Release|Any CPU = Release|Any CPU
	EndGlobalSection
	GlobalSection(ProjectConfigurationPlatforms) = postSolution
		{B262DFB5-DAD5-4A85-82E2-70A28F32A2BD}.Debug|Any CPU.ActiveCfg = Debug|Any CPU
		{B262DFB5-DAD5-4A85-82E2-70A28F32A2BD}.Debug|Any CPU.Build.0 = Debug|Any CPU
		{B262DFB5-DAD5-4A85-82E2-70A28F32A2BD}.Release|Any CPU.ActiveCfg = Release|Any CPU
		{B262DFB5-DAD5-4A85-82E2-70A28F32A2BD}.Release|Any CPU.Build.0 = Release|Any CPU
	EndGlobalSection
	GlobalSection(SolutionProperties) = preSolution
		HideSolutionNode = FALSE
	EndGlobalSection
	GlobalSection(ExtensibilityGlobals) = postSolution
		SolutionGuid = {CF27904D-7EE1-4595-950A-C5D56F39431F}
	EndGlobalSection
EndGlobal
